// !$*UTF8*$!
{
	archiveVersion = 1;
	classes = {
	};
	objectVersion = 77;
	objects = {

/* Begin PBXContainerItemProxy section */
		5AE294D82DD4DDB100DF8CF7 /* PBXContainerItemProxy */ = {
			isa = PBXContainerItemProxy;
			containerPortal = 5AE294C12DD4DDB000DF8CF7 /* Project object */;
			proxyType = 1;
			remoteGlobalIDString = 5AE294C82DD4DDB000DF8CF7;
			remoteInfo = ProjetCitations;
		};
		5AE294E22DD4DDB100DF8CF7 /* PBXContainerItemProxy */ = {
			isa = PBXContainerItemProxy;
			containerPortal = 5AE294C12DD4DDB000DF8CF7 /* Project object */;
			proxyType = 1;
			remoteGlobalIDString = 5AE294C82DD4DDB000DF8CF7;
			remoteInfo = ProjetCitations;
		};
/* End PBXContainerItemProxy section */

/* Begin PBXFileReference section */
		5AE294C92DD4DDB000DF8CF7 /* ProjetCitations.app */ = {isa = PBXFileReference; explicitFileType = wrapper.application; includeInIndex = 0; path = ProjetCitations.app; sourceTree = BUILT_PRODUCTS_DIR; };
		5AE294D72DD4DDB100DF8CF7 /* ProjetCitationsTests.xctest */ = {isa = PBXFileReference; explicitFileType = wrapper.cfbundle; includeInIndex = 0; path = ProjetCitationsTests.xctest; sourceTree = BUILT_PRODUCTS_DIR; };
		5AE294E12DD4DDB100DF8CF7 /* ProjetCitationsUITests.xctest */ = {isa = PBXFileReference; explicitFileType = wrapper.cfbundle; includeInIndex = 0; path = ProjetCitationsUITests.xctest; sourceTree = BUILT_PRODUCTS_DIR; };
/* End PBXFileReference section */

/* Begin PBXFileSystemSynchronizedBuildFileExceptionSet section */
		5AC09B482DDB30D7002C5EAB /* Exceptions for "ProjetCitations" folder in "ProjetCitations" target */ = {
			isa = PBXFileSystemSynchronizedBuildFileExceptionSet;
			membershipExceptions = (
				Info.plist,
			);
			target = 5AE294C82DD4DDB000DF8CF7 /* ProjetCitations */;
		};
/* End PBXFileSystemSynchronizedBuildFileExceptionSet section */

/* Begin PBXFileSystemSynchronizedRootGroup section */
		5AE294CB2DD4DDB000DF8CF7 /* ProjetCitations */ = {
			isa = PBXFileSystemSynchronizedRootGroup;
			exceptions = (
				5AC09B482DDB30D7002C5EAB /* Exceptions for "ProjetCitations" folder in "ProjetCitations" target */,
			);
			path = ProjetCitations;
			sourceTree = "<group>";
		};
		5AE294DA2DD4DDB100DF8CF7 /* ProjetCitationsTests */ = {
			isa = PBXFileSystemSynchronizedRootGroup;
			path = ProjetCitationsTests;
			sourceTree = "<group>";
		};
		5AE294E42DD4DDB100DF8CF7 /* ProjetCitationsUITests */ = {
			isa = PBXFileSystemSynchronizedRootGroup;
			path = ProjetCitationsUITests;
			sourceTree = "<group>";
		};
/* End PBXFileSystemSynchronizedRootGroup section */

/* Begin PBXFrameworksBuildPhase section */
		5AE294C62DD4DDB000DF8CF7 /* Frameworks */ = {
			isa = PBXFrameworksBuildPhase;
			buildActionMask = 2147483647;
			files = (
			);
			runOnlyForDeploymentPostprocessing = 0;
		};
		5AE294D42DD4DDB100DF8CF7 /* Frameworks */ = {
			isa = PBXFrameworksBuildPhase;
			buildActionMask = 2147483647;
			files = (
			);
			runOnlyForDeploymentPostprocessing = 0;
		};
		5AE294DE2DD4DDB100DF8CF7 /* Frameworks */ = {
			isa = PBXFrameworksBuildPhase;
			buildActionMask = 2147483647;
			files = (
			);
			runOnlyForDeploymentPostprocessing = 0;
		};
/* End PBXFrameworksBuildPhase section */

/* Begin PBXGroup section */
		5AE294C02DD4DDB000DF8CF7 = {
			isa = PBXGroup;
			children = (
				5AE294CB2DD4DDB000DF8CF7 /* ProjetCitations */,
				5AE294DA2DD4DDB100DF8CF7 /* ProjetCitationsTests */,
				5AE294E42DD4DDB100DF8CF7 /* ProjetCitationsUITests */,
				5AE294CA2DD4DDB000DF8CF7 /* Products */,
			);
			sourceTree = "<group>";
		};
		5AE294CA2DD4DDB000DF8CF7 /* Products */ = {
			isa = PBXGroup;
			children = (
				5AE294C92DD4DDB000DF8CF7 /* ProjetCitations.app */,
				5AE294D72DD4DDB100DF8CF7 /* ProjetCitationsTests.xctest */,
				5AE294E12DD4DDB100DF8CF7 /* ProjetCitationsUITests.xctest */,
			);
			name = Products;
			sourceTree = "<group>";
		};
/* End PBXGroup section */

/* Begin PBXNativeTarget section */
		5AE294C82DD4DDB000DF8CF7 /* ProjetCitations */ = {
			isa = PBXNativeTarget;
			buildConfigurationList = 5AE294EB2DD4DDB100DF8CF7 /* Build configuration list for PBXNativeTarget "ProjetCitations" */;
			buildPhases = (
				5AE294C52DD4DDB000DF8CF7 /* Sources */,
				5AE294C62DD4DDB000DF8CF7 /* Frameworks */,
				5AE294C72DD4DDB000DF8CF7 /* Resources */,
			);
			buildRules = (
			);
			dependencies = (
			);
			fileSystemSynchronizedGroups = (
				5AE294CB2DD4DDB000DF8CF7 /* ProjetCitations */,
			);
			name = ProjetCitations;
			packageProductDependencies = (
			);
			productName = ProjetCitations;
			productReference = 5AE294C92DD4DDB000DF8CF7 /* ProjetCitations.app */;
			productType = "com.apple.product-type.application";
		};
		5AE294D62DD4DDB100DF8CF7 /* ProjetCitationsTests */ = {
			isa = PBXNativeTarget;
			buildConfigurationList = 5AE294EE2DD4DDB100DF8CF7 /* Build configuration list for PBXNativeTarget "ProjetCitationsTests" */;
			buildPhases = (
				5AE294D32DD4DDB100DF8CF7 /* Sources */,
				5AE294D42DD4DDB100DF8CF7 /* Frameworks */,
				5AE294D52DD4DDB100DF8CF7 /* Resources */,
			);
			buildRules = (
			);
			dependencies = (
				5AE294D92DD4DDB100DF8CF7 /* PBXTargetDependency */,
			);
			fileSystemSynchronizedGroups = (
				5AE294DA2DD4DDB100DF8CF7 /* ProjetCitationsTests */,
			);
			name = ProjetCitationsTests;
			packageProductDependencies = (
			);
			productName = ProjetCitationsTests;
			productReference = 5AE294D72DD4DDB100DF8CF7 /* ProjetCitationsTests.xctest */;
			productType = "com.apple.product-type.bundle.unit-test";
		};
		5AE294E02DD4DDB100DF8CF7 /* ProjetCitationsUITests */ = {
			isa = PBXNativeTarget;
			buildConfigurationList = 5AE294F12DD4DDB100DF8CF7 /* Build configuration list for PBXNativeTarget "ProjetCitationsUITests" */;
			buildPhases = (
				5AE294DD2DD4DDB100DF8CF7 /* Sources */,
				5AE294DE2DD4DDB100DF8CF7 /* Frameworks */,
				5AE294DF2DD4DDB100DF8CF7 /* Resources */,
			);
			buildRules = (
			);
			dependencies = (
				5AE294E32DD4DDB100DF8CF7 /* PBXTargetDependency */,
			);
			fileSystemSynchronizedGroups = (
				5AE294E42DD4DDB100DF8CF7 /* ProjetCitationsUITests */,
			);
			name = ProjetCitationsUITests;
			packageProductDependencies = (
			);
			productName = ProjetCitationsUITests;
			productReference = 5AE294E12DD4DDB100DF8CF7 /* ProjetCitationsUITests.xctest */;
			productType = "com.apple.product-type.bundle.ui-testing";
		};
/* End PBXNativeTarget section */

/* Begin PBXProject section */
		5AE294C12DD4DDB000DF8CF7 /* Project object */ = {
			isa = PBXProject;
			attributes = {
				BuildIndependentTargetsInParallel = 1;
				LastSwiftUpdateCheck = 1630;
				LastUpgradeCheck = 1630;
				TargetAttributes = {
					5AE294C82DD4DDB000DF8CF7 = {
						CreatedOnToolsVersion = 16.3;
					};
					5AE294D62DD4DDB100DF8CF7 = {
						CreatedOnToolsVersion = 16.3;
						TestTargetID = 5AE294C82DD4DDB000DF8CF7;
					};
					5AE294E02DD4DDB100DF8CF7 = {
						CreatedOnToolsVersion = 16.3;
						TestTargetID = 5AE294C82DD4DDB000DF8CF7;
					};
				};
			};
			buildConfigurationList = 5AE294C42DD4DDB000DF8CF7 /* Build configuration list for PBXProject "ProjetCitations" */;
			developmentRegion = en;
			hasScannedForEncodings = 0;
			knownRegions = (
				en,
				Base,
			);
			mainGroup = 5AE294C02DD4DDB000DF8CF7;
			minimizedProjectReferenceProxies = 1;
			preferredProjectObjectVersion = 77;
			productRefGroup = 5AE294CA2DD4DDB000DF8CF7 /* Products */;
			projectDirPath = "";
			projectRoot = "";
			targets = (
				5AE294C82DD4DDB000DF8CF7 /* ProjetCitations */,
				5AE294D62DD4DDB100DF8CF7 /* ProjetCitationsTests */,
				5AE294E02DD4DDB100DF8CF7 /* ProjetCitationsUITests */,
			);
		};
/* End PBXProject section */

/* Begin PBXResourcesBuildPhase section */
		5AE294C72DD4DDB000DF8CF7 /* Resources */ = {
			isa = PBXResourcesBuildPhase;
			buildActionMask = 2147483647;
			files = (
			);
			runOnlyForDeploymentPostprocessing = 0;
		};
		5AE294D52DD4DDB100DF8CF7 /* Resources */ = {
			isa = PBXResourcesBuildPhase;
			buildActionMask = 2147483647;
			files = (
			);
			runOnlyForDeploymentPostprocessing = 0;
		};
		5AE294DF2DD4DDB100DF8CF7 /* Resources */ = {
			isa = PBXResourcesBuildPhase;
			buildActionMask = 2147483647;
			files = (
			);
			runOnlyForDeploymentPostprocessing = 0;
		};
/* End PBXResourcesBuildPhase section */

/* Begin PBXSourcesBuildPhase section */
		5AE294C52DD4DDB000DF8CF7 /* Sources */ = {
			isa = PBXSourcesBuildPhase;
			buildActionMask = 2147483647;
			files = (
			);
			runOnlyForDeploymentPostprocessing = 0;
		};
		5AE294D32DD4DDB100DF8CF7 /* Sources */ = {
			isa = PBXSourcesBuildPhase;
			buildActionMask = 2147483647;
			files = (
			);
			runOnlyForDeploymentPostprocessing = 0;
		};
		5AE294DD2DD4DDB100DF8CF7 /* Sources */ = {
			isa = PBXSourcesBuildPhase;
			buildActionMask = 2147483647;
			files = (
			);
			runOnlyForDeploymentPostprocessing = 0;
		};
/* End PBXSourcesBuildPhase section */

/* Begin PBXTargetDependency section */
		5AE294D92DD4DDB100DF8CF7 /* PBXTargetDependency */ = {
			isa = PBXTargetDependency;
			target = 5AE294C82DD4DDB000DF8CF7 /* ProjetCitations */;
			targetProxy = 5AE294D82DD4DDB100DF8CF7 /* PBXContainerItemProxy */;
		};
		5AE294E32DD4DDB100DF8CF7 /* PBXTargetDependency */ = {
			isa = PBXTargetDependency;
			target = 5AE294C82DD4DDB000DF8CF7 /* ProjetCitations */;
			targetProxy = 5AE294E22DD4DDB100DF8CF7 /* PBXContainerItemProxy */;
		};
/* End PBXTargetDependency section */

/* Begin XCBuildConfiguration section */
		5AE294E92DD4DDB100DF8CF7 /* Debug */ = {
			isa = XCBuildConfiguration;
			buildSettings = {
				ALWAYS_SEARCH_USER_PATHS = NO;
				ASSETCATALOG_COMPILER_GENERATE_SWIFT_ASSET_SYMBOL_EXTENSIONS = YES;
				CLANG_ANALYZER_NONNULL = YES;
				CLANG_ANALYZER_NUMBER_OBJECT_CONVERSION = YES_AGGRESSIVE;
				CLANG_CXX_LANGUAGE_STANDARD = "gnu++20";
				CLANG_ENABLE_MODULES = YES;
				CLANG_ENABLE_OBJC_ARC = YES;
				CLANG_ENABLE_OBJC_WEAK = YES;
				CLANG_WARN_BLOCK_CAPTURE_AUTORELEASING = YES;
				CLANG_WARN_BOOL_CONVERSION = YES;
				CLANG_WARN_COMMA = YES;
				CLANG_WARN_CONSTANT_CONVERSION = YES;
				CLANG_WARN_DEPRECATED_OBJC_IMPLEMENTATIONS = YES;
				CLANG_WARN_DIRECT_OBJC_ISA_USAGE = YES_ERROR;
				CLANG_WARN_DOCUMENTATION_COMMENTS = YES;
				CLANG_WARN_EMPTY_BODY = YES;
				CLANG_WARN_ENUM_CONVERSION = YES;
				CLANG_WARN_INFINITE_RECURSION = YES;
				CLANG_WARN_INT_CONVERSION = YES;
				CLANG_WARN_NON_LITERAL_NULL_CONVERSION = YES;
				CLANG_WARN_OBJC_IMPLICIT_RETAIN_SELF = YES;
				CLANG_WARN_OBJC_LITERAL_CONVERSION = YES;
				CLANG_WARN_OBJC_ROOT_CLASS = YES_ERROR;
				CLANG_WARN_QUOTED_INCLUDE_IN_FRAMEWORK_HEADER = YES;
				CLANG_WARN_RANGE_LOOP_ANALYSIS = YES;
				CLANG_WARN_STRICT_PROTOTYPES = YES;
				CLANG_WARN_SUSPICIOUS_MOVE = YES;
				CLANG_WARN_UNGUARDED_AVAILABILITY = YES_AGGRESSIVE;
				CLANG_WARN_UNREACHABLE_CODE = YES;
				CLANG_WARN__DUPLICATE_METHOD_MATCH = YES;
				COPY_PHASE_STRIP = NO;
				DEBUG_INFORMATION_FORMAT = dwarf;
				ENABLE_STRICT_OBJC_MSGSEND = YES;
				ENABLE_TESTABILITY = YES;
				ENABLE_USER_SCRIPT_SANDBOXING = YES;
				GCC_C_LANGUAGE_STANDARD = gnu17;
				GCC_DYNAMIC_NO_PIC = NO;
				GCC_NO_COMMON_BLOCKS = YES;
				GCC_OPTIMIZATION_LEVEL = 0;
				GCC_PREPROCESSOR_DEFINITIONS = (
					"DEBUG=1",
					"$(inherited)",
				);
				GCC_WARN_64_TO_32_BIT_CONVERSION = YES;
				GCC_WARN_ABOUT_RETURN_TYPE = YES_ERROR;
				GCC_WARN_UNDECLARED_SELECTOR = YES;
				GCC_WARN_UNINITIALIZED_AUTOS = YES_AGGRESSIVE;
				GCC_WARN_UNUSED_FUNCTION = YES;
				GCC_WARN_UNUSED_VARIABLE = YES;
				INFOPLIST_FILE = "";
				LOCALIZATION_PREFERS_STRING_CATALOGS = YES;
				MTL_ENABLE_DEBUG_INFO = INCLUDE_SOURCE;
				MTL_FAST_MATH = YES;
				ONLY_ACTIVE_ARCH = YES;
				SWIFT_ACTIVE_COMPILATION_CONDITIONS = "DEBUG $(inherited)";
				SWIFT_OPTIMIZATION_LEVEL = "-Onone";
			};
			name = Debug;
		};
		5AE294EA2DD4DDB100DF8CF7 /* Release */ = {
			isa = XCBuildConfiguration;
			buildSettings = {
				ALWAYS_SEARCH_USER_PATHS = NO;
				ASSETCATALOG_COMPILER_GENERATE_SWIFT_ASSET_SYMBOL_EXTENSIONS = YES;
				CLANG_ANALYZER_NONNULL = YES;
				CLANG_ANALYZER_NUMBER_OBJECT_CONVERSION = YES_AGGRESSIVE;
				CLANG_CXX_LANGUAGE_STANDARD = "gnu++20";
				CLANG_ENABLE_MODULES = YES;
				CLANG_ENABLE_OBJC_ARC = YES;
				CLANG_ENABLE_OBJC_WEAK = YES;
				CLANG_WARN_BLOCK_CAPTURE_AUTORELEASING = YES;
				CLANG_WARN_BOOL_CONVERSION = YES;
				CLANG_WARN_COMMA = YES;
				CLANG_WARN_CONSTANT_CONVERSION = YES;
				CLANG_WARN_DEPRECATED_OBJC_IMPLEMENTATIONS = YES;
				CLANG_WARN_DIRECT_OBJC_ISA_USAGE = YES_ERROR;
				CLANG_WARN_DOCUMENTATION_COMMENTS = YES;
				CLANG_WARN_EMPTY_BODY = YES;
				CLANG_WARN_ENUM_CONVERSION = YES;
				CLANG_WARN_INFINITE_RECURSION = YES;
				CLANG_WARN_INT_CONVERSION = YES;
				CLANG_WARN_NON_LITERAL_NULL_CONVERSION = YES;
				CLANG_WARN_OBJC_IMPLICIT_RETAIN_SELF = YES;
				CLANG_WARN_OBJC_LITERAL_CONVERSION = YES;
				CLANG_WARN_OBJC_ROOT_CLASS = YES_ERROR;
				CLANG_WARN_QUOTED_INCLUDE_IN_FRAMEWORK_HEADER = YES;
				CLANG_WARN_RANGE_LOOP_ANALYSIS = YES;
				CLANG_WARN_STRICT_PROTOTYPES = YES;
				CLANG_WARN_SUSPICIOUS_MOVE = YES;
				CLANG_WARN_UNGUARDED_AVAILABILITY = YES_AGGRESSIVE;
				CLANG_WARN_UNREACHABLE_CODE = YES;
				CLANG_WARN__DUPLICATE_METHOD_MATCH = YES;
				COPY_PHASE_STRIP = NO;
				DEBUG_INFORMATION_FORMAT = "dwarf-with-dsym";
				ENABLE_NS_ASSERTIONS = NO;
				ENABLE_STRICT_OBJC_MSGSEND = YES;
				ENABLE_USER_SCRIPT_SANDBOXING = YES;
				GCC_C_LANGUAGE_STANDARD = gnu17;
				GCC_NO_COMMON_BLOCKS = YES;
				GCC_WARN_64_TO_32_BIT_CONVERSION = YES;
				GCC_WARN_ABOUT_RETURN_TYPE = YES_ERROR;
				GCC_WARN_UNDECLARED_SELECTOR = YES;
				GCC_WARN_UNINITIALIZED_AUTOS = YES_AGGRESSIVE;
				GCC_WARN_UNUSED_FUNCTION = YES;
				GCC_WARN_UNUSED_VARIABLE = YES;
				INFOPLIST_FILE = "";
				LOCALIZATION_PREFERS_STRING_CATALOGS = YES;
				MTL_ENABLE_DEBUG_INFO = NO;
				MTL_FAST_MATH = YES;
				SWIFT_COMPILATION_MODE = wholemodule;
			};
			name = Release;
		};
		5AE294EC2DD4DDB100DF8CF7 /* Debug */ = {
			isa = XCBuildConfiguration;
			buildSettings = {
				ASSETCATALOG_COMPILER_APPICON_NAME = AppIcon;
				ASSETCATALOG_COMPILER_GLOBAL_ACCENT_COLOR_NAME = AccentColor;
				CODE_SIGN_ENTITLEMENTS = ProjetCitations/ProjetCitations.entitlements;
				CODE_SIGN_STYLE = Automatic;
				CURRENT_PROJECT_VERSION = 1;
				ENABLE_PREVIEWS = YES;
				GENERATE_INFOPLIST_FILE = YES;
				INFOPLIST_FILE = ProjetCitations/Info.plist;
				"INFOPLIST_KEY_UIApplicationSceneManifest_Generation[sdk=iphoneos*]" = YES;
				"INFOPLIST_KEY_UIApplicationSceneManifest_Generation[sdk=iphonesimulator*]" = YES;
				"INFOPLIST_KEY_UIApplicationSupportsIndirectInputEvents[sdk=iphoneos*]" = YES;
				"INFOPLIST_KEY_UIApplicationSupportsIndirectInputEvents[sdk=iphonesimulator*]" = YES;
				"INFOPLIST_KEY_UILaunchScreen_Generation[sdk=iphoneos*]" = YES;
				"INFOPLIST_KEY_UILaunchScreen_Generation[sdk=iphonesimulator*]" = YES;
				"INFOPLIST_KEY_UIStatusBarStyle[sdk=iphoneos*]" = UIStatusBarStyleDefault;
				"INFOPLIST_KEY_UIStatusBarStyle[sdk=iphonesimulator*]" = UIStatusBarStyleDefault;
				INFOPLIST_KEY_UISupportedInterfaceOrientations_iPhone = "UIInterfaceOrientationPortrait UIInterfaceOrientationPortraitUpsideDown UIInterfaceOrientationLandscapeLeft UIInterfaceOrientationLandscapeRight";
				IPHONEOS_DEPLOYMENT_TARGET = 18.4;
				LD_RUNPATH_SEARCH_PATHS = "@executable_path/Frameworks";
				"LD_RUNPATH_SEARCH_PATHS[sdk=macosx*]" = "@executable_path/../Frameworks";
				MACOSX_DEPLOYMENT_TARGET = 15.4;
				MARKETING_VERSION = 1.0;
				PRODUCT_BUNDLE_IDENTIFIER = fr.ezix.ProjetCitations;
				PRODUCT_NAME = "$(TARGET_NAME)";
				REGISTER_APP_GROUPS = YES;
				SDKROOT = auto;
				SUPPORTED_PLATFORMS = "iphoneos iphonesimulator macosx xros xrsimulator";
				SWIFT_EMIT_LOC_STRINGS = YES;
				SWIFT_VERSION = 5.0;
				TARGETED_DEVICE_FAMILY = "1,2,7";
				XROS_DEPLOYMENT_TARGET = 2.4;
			};
			name = Debug;
		};
		5AE294ED2DD4DDB100DF8CF7 /* Release */ = {
			isa = XCBuildConfiguration;
			buildSettings = {
				ASSETCATALOG_COMPILER_APPICON_NAME = AppIcon;
				ASSETCATALOG_COMPILER_GLOBAL_ACCENT_COLOR_NAME = AccentColor;
				CODE_SIGN_ENTITLEMENTS = ProjetCitations/ProjetCitations.entitlements;
				CODE_SIGN_STYLE = Automatic;
				CURRENT_PROJECT_VERSION = 1;
				ENABLE_PREVIEWS = YES;
				GENERATE_INFOPLIST_FILE = YES;
				INFOPLIST_FILE = ProjetCitations/Info.plist;
				"INFOPLIST_KEY_UIApplicationSceneManifest_Generation[sdk=iphoneos*]" = YES;
				"INFOPLIST_KEY_UIApplicationSceneManifest_Generation[sdk=iphonesimulator*]" = YES;
				"INFOPLIST_KEY_UIApplicationSupportsIndirectInputEvents[sdk=iphoneos*]" = YES;
				"INFOPLIST_KEY_UIApplicationSupportsIndirectInputEvents[sdk=iphonesimulator*]" = YES;
				"INFOPLIST_KEY_UILaunchScreen_Generation[sdk=iphoneos*]" = YES;
				"INFOPLIST_KEY_UILaunchScreen_Generation[sdk=iphonesimulator*]" = YES;
				"INFOPLIST_KEY_UIStatusBarStyle[sdk=iphoneos*]" = UIStatusBarStyleDefault;
				"INFOPLIST_KEY_UIStatusBarStyle[sdk=iphonesimulator*]" = UIStatusBarStyleDefault;
				INFOPLIST_KEY_UISupportedInterfaceOrientations_iPhone = "UIInterfaceOrientationPortrait UIInterfaceOrientationPortraitUpsideDown UIInterfaceOrientationLandscapeLeft UIInterfaceOrientationLandscapeRight";
				IPHONEOS_DEPLOYMENT_TARGET = 18.4;
				LD_RUNPATH_SEARCH_PATHS = "@executable_path/Frameworks";
				"LD_RUNPATH_SEARCH_PATHS[sdk=macosx*]" = "@executable_path/../Frameworks";
				MACOSX_DEPLOYMENT_TARGET = 15.4;
				MARKETING_VERSION = 1.0;
				PRODUCT_BUNDLE_IDENTIFIER = fr.ezix.ProjetCitations;
				PRODUCT_NAME = "$(TARGET_NAME)";
				REGISTER_APP_GROUPS = YES;
				SDKROOT = auto;
				SUPPORTED_PLATFORMS = "iphoneos iphonesimulator macosx xros xrsimulator";
				SWIFT_EMIT_LOC_STRINGS = YES;
				SWIFT_VERSION = 5.0;
				TARGETED_DEVICE_FAMILY = "1,2,7";
				XROS_DEPLOYMENT_TARGET = 2.4;
			};
			name = Release;
		};
		5AE294EF2DD4DDB100DF8CF7 /* Debug */ = {
			isa = XCBuildConfiguration;
			buildSettings = {
				BUNDLE_LOADER = "$(TEST_HOST)";
				CODE_SIGN_STYLE = Automatic;
				CURRENT_PROJECT_VERSION = 1;
				GENERATE_INFOPLIST_FILE = YES;
				IPHONEOS_DEPLOYMENT_TARGET = 18.4;
				MACOSX_DEPLOYMENT_TARGET = 15.4;
				MARKETING_VERSION = 1.0;
				PRODUCT_BUNDLE_IDENTIFIER = fr.ezix.ProjetCitationsTests;
				PRODUCT_NAME = "$(TARGET_NAME)";
				SDKROOT = auto;
				SUPPORTED_PLATFORMS = "iphoneos iphonesimulator macosx xros xrsimulator";
				SWIFT_EMIT_LOC_STRINGS = NO;
				SWIFT_VERSION = 5.0;
				TARGETED_DEVICE_FAMILY = "1,2,7";
				TEST_HOST = "$(BUILT_PRODUCTS_DIR)/ProjetCitations.app/$(BUNDLE_EXECUTABLE_FOLDER_PATH)/ProjetCitations";
				XROS_DEPLOYMENT_TARGET = 2.4;
			};
			name = Debug;
		};
		5AE294F02DD4DDB100DF8CF7 /* Release */ = {
			isa = XCBuildConfiguration;
			buildSettings = {
				BUNDLE_LOADER = "$(TEST_HOST)";
				CODE_SIGN_STYLE = Automatic;
				CURRENT_PROJECT_VERSION = 1;
				GENERATE_INFOPLIST_FILE = YES;
				IPHONEOS_DEPLOYMENT_TARGET = 18.4;
				MACOSX_DEPLOYMENT_TARGET = 15.4;
				MARKETING_VERSION = 1.0;
				PRODUCT_BUNDLE_IDENTIFIER = fr.ezix.ProjetCitationsTests;
				PRODUCT_NAME = "$(TARGET_NAME)";
				SDKROOT = auto;
				SUPPORTED_PLATFORMS = "iphoneos iphonesimulator macosx xros xrsimulator";
				SWIFT_EMIT_LOC_STRINGS = NO;
				SWIFT_VERSION = 5.0;
				TARGETED_DEVICE_FAMILY = "1,2,7";
				TEST_HOST = "$(BUILT_PRODUCTS_DIR)/ProjetCitations.app/$(BUNDLE_EXECUTABLE_FOLDER_PATH)/ProjetCitations";
				XROS_DEPLOYMENT_TARGET = 2.4;
			};
			name = Release;
		};
		5AE294F22DD4DDB100DF8CF7 /* Debug */ = {
			isa = XCBuildConfiguration;
			buildSettings = {
				CODE_SIGN_STYLE = Automatic;
				CURRENT_PROJECT_VERSION = 1;
				GENERATE_INFOPLIST_FILE = YES;
				IPHONEOS_DEPLOYMENT_TARGET = 18.4;
				MACOSX_DEPLOYMENT_TARGET = 15.4;
				MARKETING_VERSION = 1.0;
				PRODUCT_BUNDLE_IDENTIFIER = fr.ezix.ProjetCitationsUITests;
				PRODUCT_NAME = "$(TARGET_NAME)";
				SDKROOT = auto;
				SUPPORTED_PLATFORMS = "iphoneos iphonesimulator macosx xros xrsimulator";
				SWIFT_EMIT_LOC_STRINGS = NO;
				SWIFT_VERSION = 5.0;
				TARGETED_DEVICE_FAMILY = "1,2,7";
				TEST_TARGET_NAME = ProjetCitations;
				XROS_DEPLOYMENT_TARGET = 2.4;
			};
			name = Debug;
		};
		5AE294F32DD4DDB100DF8CF7 /* Release */ = {
			isa = XCBuildConfiguration;
			buildSettings = {
				CODE_SIGN_STYLE = Automatic;
				CURRENT_PROJECT_VERSION = 1;
				GENERATE_INFOPLIST_FILE = YES;
				IPHONEOS_DEPLOYMENT_TARGET = 18.4;
				MACOSX_DEPLOYMENT_TARGET = 15.4;
				MARKETING_VERSION = 1.0;
				PRODUCT_BUNDLE_IDENTIFIER = fr.ezix.ProjetCitationsUITests;
				PRODUCT_NAME = "$(TARGET_NAME)";
				SDKROOT = auto;
				SUPPORTED_PLATFORMS = "iphoneos iphonesimulator macosx xros xrsimulator";
				SWIFT_EMIT_LOC_STRINGS = NO;
				SWIFT_VERSION = 5.0;
				TARGETED_DEVICE_FAMILY = "1,2,7";
				TEST_TARGET_NAME = ProjetCitations;
				XROS_DEPLOYMENT_TARGET = 2.4;
			};
			name = Release;
		};
/* End XCBuildConfiguration section */

/* Begin XCConfigurationList section */
		5AE294C42DD4DDB000DF8CF7 /* Build configuration list for PBXProject "ProjetCitations" */ = {
			isa = XCConfigurationList;
			buildConfigurations = (
				5AE294E92DD4DDB100DF8CF7 /* Debug */,
				5AE294EA2DD4DDB100DF8CF7 /* Release */,
			);
			defaultConfigurationIsVisible = 0;
			defaultConfigurationName = Release;
		};
		5AE294EB2DD4DDB100DF8CF7 /* Build configuration list for PBXNativeTarget "ProjetCitations" */ = {
			isa = XCConfigurationList;
			buildConfigurations = (
				5AE294EC2DD4DDB100DF8CF7 /* Debug */,
				5AE294ED2DD4DDB100DF8CF7 /* Release */,
			);
			defaultConfigurationIsVisible = 0;
			defaultConfigurationName = Release;
		};
		5AE294EE2DD4DDB100DF8CF7 /* Build configuration list for PBXNativeTarget "ProjetCitationsTests" */ = {
			isa = XCConfigurationList;
			buildConfigurations = (
				5AE294EF2DD4DDB100DF8CF7 /* Debug */,
				5AE294F02DD4DDB100DF8CF7 /* Release */,
			);
			defaultConfigurationIsVisible = 0;
			defaultConfigurationName = Release;
		};
		5AE294F12DD4DDB100DF8CF7 /* Build configuration list for PBXNativeTarget "ProjetCitationsUITests" */ = {
			isa = XCConfigurationList;
			buildConfigurations = (
				5AE294F22DD4DDB100DF8CF7 /* Debug */,
				5AE294F32DD4DDB100DF8CF7 /* Release */,
			);
			defaultConfigurationIsVisible = 0;
			defaultConfigurationName = Release;
		};
/* End XCConfigurationList section */
	};
	rootObject = 5AE294C12DD4DDB000DF8CF7 /* Project object */;
}
